
GITHUB
  remote: mistername/RoR2Libs
    0Harmony.dll (6ee8ae85cca6e2a8d6aefddb34cc4b16cb4c4639)
    Assembly-CSharp.dll (6ee8ae85cca6e2a8d6aefddb34cc4b16cb4c4639)
    BepInEx.dll (6ee8ae85cca6e2a8d6aefddb34cc4b16cb4c4639)
    BepInEx.Harmony.dll (6ee8ae85cca6e2a8d6aefddb34cc4b16cb4c4639)
    BepInEx.Preloader.dll (6ee8ae85cca6e2a8d6aefddb34cc4b16cb4c4639)
    Facepunch.Steamworks.dll (6ee8ae85cca6e2a8d6aefddb34cc4b16cb4c4639)
    KdTreeLib.dll (6ee8ae85cca6e2a8d6aefddb34cc4b16cb4c4639)
    MMHOOK_Assembly-CSharp.dll (6ee8ae85cca6e2a8d6aefddb34cc4b16cb4c4639)
    Mono.Cecil.dll (6ee8ae85cca6e2a8d6aefddb34cc4b16cb4c4639)
    MonoMod.RuntimeDetour.dll (6ee8ae85cca6e2a8d6aefddb34cc4b16cb4c4639)
    MonoMod.Utils.dll (6ee8ae85cca6e2a8d6aefddb34cc4b16cb4c4639)
    pb_Stl.dll (6ee8ae85cca6e2a8d6aefddb34cc4b16cb4c4639)
    Poly2Tri.dll (6ee8ae85cca6e2a8d6aefddb34cc4b16cb4c4639)
    ProBuilderCore.dll (6ee8ae85cca6e2a8d6aefddb34cc4b16cb4c4639)
    ProBuilderMeshOps.dll (6ee8ae85cca6e2a8d6aefddb34cc4b16cb4c4639)
    R2API.dll (6ee8ae85cca6e2a8d6aefddb34cc4b16cb4c4639)
    Rewired_Core.dll (6ee8ae85cca6e2a8d6aefddb34cc4b16cb4c4639)
    Rewired_CSharp.dll (6ee8ae85cca6e2a8d6aefddb34cc4b16cb4c4639)
    Rewired_Windows_Lib.dll (6ee8ae85cca6e2a8d6aefddb34cc4b16cb4c4639)
    Unity.Postprocessing.Runtime.dll (6ee8ae85cca6e2a8d6aefddb34cc4b16cb4c4639)
    Unity.RenderPipelines.Core.Runtime.dll (6ee8ae85cca6e2a8d6aefddb34cc4b16cb4c4639)
    Unity.RenderPipelines.Core.ShaderLibrary.dll (6ee8ae85cca6e2a8d6aefddb34cc4b16cb4c4639)
    Unity.TextMeshPro.dll (6ee8ae85cca6e2a8d6aefddb34cc4b16cb4c4639)
    UnityEngine.AccessibilityModule.dll (6ee8ae85cca6e2a8d6aefddb34cc4b16cb4c4639)
    UnityEngine.AIModule.dll (6ee8ae85cca6e2a8d6aefddb34cc4b16cb4c4639)
    UnityEngine.AnimationModule.dll (6ee8ae85cca6e2a8d6aefddb34cc4b16cb4c4639)
    UnityEngine.ARModule.dll (6ee8ae85cca6e2a8d6aefddb34cc4b16cb4c4639)
    UnityEngine.AssetBundleModule.dll (6ee8ae85cca6e2a8d6aefddb34cc4b16cb4c4639)
    UnityEngine.AudioModule.dll (6ee8ae85cca6e2a8d6aefddb34cc4b16cb4c4639)
    UnityEngine.BaselibModule.dll (6ee8ae85cca6e2a8d6aefddb34cc4b16cb4c4639)
    UnityEngine.ClothModule.dll (6ee8ae85cca6e2a8d6aefddb34cc4b16cb4c4639)
    UnityEngine.ClusterInputModule.dll (6ee8ae85cca6e2a8d6aefddb34cc4b16cb4c4639)
    UnityEngine.ClusterRendererModule.dll (6ee8ae85cca6e2a8d6aefddb34cc4b16cb4c4639)
    UnityEngine.CoreModule.dll (6ee8ae85cca6e2a8d6aefddb34cc4b16cb4c4639)
    UnityEngine.CrashReportingModule.dll (6ee8ae85cca6e2a8d6aefddb34cc4b16cb4c4639)
    UnityEngine.DirectorModule.dll (6ee8ae85cca6e2a8d6aefddb34cc4b16cb4c4639)
    UnityEngine.dll (6ee8ae85cca6e2a8d6aefddb34cc4b16cb4c4639)
    UnityEngine.FileSystemHttpModule.dll (6ee8ae85cca6e2a8d6aefddb34cc4b16cb4c4639)
    UnityEngine.GameCenterModule.dll (6ee8ae85cca6e2a8d6aefddb34cc4b16cb4c4639)
    UnityEngine.GridModule.dll (6ee8ae85cca6e2a8d6aefddb34cc4b16cb4c4639)
    UnityEngine.HotReloadModule.dll (6ee8ae85cca6e2a8d6aefddb34cc4b16cb4c4639)
    UnityEngine.ImageConversionModule.dll (6ee8ae85cca6e2a8d6aefddb34cc4b16cb4c4639)
    UnityEngine.IMGUIModule.dll (6ee8ae85cca6e2a8d6aefddb34cc4b16cb4c4639)
    UnityEngine.InputModule.dll (6ee8ae85cca6e2a8d6aefddb34cc4b16cb4c4639)
    UnityEngine.JSONSerializeModule.dll (6ee8ae85cca6e2a8d6aefddb34cc4b16cb4c4639)
    UnityEngine.LocalizationModule.dll (6ee8ae85cca6e2a8d6aefddb34cc4b16cb4c4639)
    UnityEngine.Networking.dll (6ee8ae85cca6e2a8d6aefddb34cc4b16cb4c4639)
    UnityEngine.ParticleSystemModule.dll (6ee8ae85cca6e2a8d6aefddb34cc4b16cb4c4639)
    UnityEngine.PerformanceReportingModule.dll (6ee8ae85cca6e2a8d6aefddb34cc4b16cb4c4639)
    UnityEngine.Physics2DModule.dll (6ee8ae85cca6e2a8d6aefddb34cc4b16cb4c4639)
    UnityEngine.PhysicsModule.dll (6ee8ae85cca6e2a8d6aefddb34cc4b16cb4c4639)
    UnityEngine.ProfilerModule.dll (6ee8ae85cca6e2a8d6aefddb34cc4b16cb4c4639)
    UnityEngine.ScreenCaptureModule.dll (6ee8ae85cca6e2a8d6aefddb34cc4b16cb4c4639)
    UnityEngine.SharedInternalsModule.dll (6ee8ae85cca6e2a8d6aefddb34cc4b16cb4c4639)
    UnityEngine.SpatialTracking.dll (6ee8ae85cca6e2a8d6aefddb34cc4b16cb4c4639)
    UnityEngine.SpriteMaskModule.dll (6ee8ae85cca6e2a8d6aefddb34cc4b16cb4c4639)
    UnityEngine.SpriteShapeModule.dll (6ee8ae85cca6e2a8d6aefddb34cc4b16cb4c4639)
    UnityEngine.StreamingModule.dll (6ee8ae85cca6e2a8d6aefddb34cc4b16cb4c4639)
    UnityEngine.StyleSheetsModule.dll (6ee8ae85cca6e2a8d6aefddb34cc4b16cb4c4639)
    UnityEngine.SubstanceModule.dll (6ee8ae85cca6e2a8d6aefddb34cc4b16cb4c4639)
    UnityEngine.TerrainModule.dll (6ee8ae85cca6e2a8d6aefddb34cc4b16cb4c4639)
    UnityEngine.TerrainPhysicsModule.dll (6ee8ae85cca6e2a8d6aefddb34cc4b16cb4c4639)
    UnityEngine.TextCoreModule.dll (6ee8ae85cca6e2a8d6aefddb34cc4b16cb4c4639)
    UnityEngine.TextRenderingModule.dll (6ee8ae85cca6e2a8d6aefddb34cc4b16cb4c4639)
    UnityEngine.Timeline.dll (6ee8ae85cca6e2a8d6aefddb34cc4b16cb4c4639)
    UnityEngine.TimelineModule.dll (6ee8ae85cca6e2a8d6aefddb34cc4b16cb4c4639)
    UnityEngine.TLSModule.dll (6ee8ae85cca6e2a8d6aefddb34cc4b16cb4c4639)
    UnityEngine.UI.dll (6ee8ae85cca6e2a8d6aefddb34cc4b16cb4c4639)
    UnityEngine.UIElementsModule.dll (6ee8ae85cca6e2a8d6aefddb34cc4b16cb4c4639)
    UnityEngine.UIModule.dll (6ee8ae85cca6e2a8d6aefddb34cc4b16cb4c4639)
    UnityEngine.UmbraModule.dll (6ee8ae85cca6e2a8d6aefddb34cc4b16cb4c4639)
    UnityEngine.UNETModule.dll (6ee8ae85cca6e2a8d6aefddb34cc4b16cb4c4639)
    UnityEngine.UnityAnalyticsModule.dll (6ee8ae85cca6e2a8d6aefddb34cc4b16cb4c4639)
    UnityEngine.UnityConnectModule.dll (6ee8ae85cca6e2a8d6aefddb34cc4b16cb4c4639)
    UnityEngine.UnityTestProtocolModule.dll (6ee8ae85cca6e2a8d6aefddb34cc4b16cb4c4639)
    UnityEngine.UnityWebRequestAssetBundleModule.dll (6ee8ae85cca6e2a8d6aefddb34cc4b16cb4c4639)
    UnityEngine.UnityWebRequestAudioModule.dll (6ee8ae85cca6e2a8d6aefddb34cc4b16cb4c4639)
    UnityEngine.UnityWebRequestModule.dll (6ee8ae85cca6e2a8d6aefddb34cc4b16cb4c4639)
    UnityEngine.UnityWebRequestTextureModule.dll (6ee8ae85cca6e2a8d6aefddb34cc4b16cb4c4639)
    UnityEngine.UnityWebRequestWWWModule.dll (6ee8ae85cca6e2a8d6aefddb34cc4b16cb4c4639)
    UnityEngine.VehiclesModule.dll (6ee8ae85cca6e2a8d6aefddb34cc4b16cb4c4639)
    UnityEngine.VFXModule.dll (6ee8ae85cca6e2a8d6aefddb34cc4b16cb4c4639)
    UnityEngine.VideoModule.dll (6ee8ae85cca6e2a8d6aefddb34cc4b16cb4c4639)
    UnityEngine.VRModule.dll (6ee8ae85cca6e2a8d6aefddb34cc4b16cb4c4639)
    UnityEngine.WindModule.dll (6ee8ae85cca6e2a8d6aefddb34cc4b16cb4c4639)
    UnityEngine.XRModule.dll (6ee8ae85cca6e2a8d6aefddb34cc4b16cb4c4639)
    Wwise.dll (6ee8ae85cca6e2a8d6aefddb34cc4b16cb4c4639)
    Zio.dll (6ee8ae85cca6e2a8d6aefddb34cc4b16cb4c4639)