
GITHUB
  remote: mistername/RoR2Libs
    0Harmony.dll (d74f642600114f7c8cc1008480e0885edbac473f)
    Assembly-CSharp.dll (d74f642600114f7c8cc1008480e0885edbac473f)
    BepInEx.dll (d74f642600114f7c8cc1008480e0885edbac473f)
    BepInEx.Harmony.dll (d74f642600114f7c8cc1008480e0885edbac473f)
    BepInEx.Preloader.dll (d74f642600114f7c8cc1008480e0885edbac473f)
    Facepunch.Steamworks.dll (d74f642600114f7c8cc1008480e0885edbac473f)
    KdTreeLib.dll (d74f642600114f7c8cc1008480e0885edbac473f)
    MMHOOK_Assembly-CSharp.dll (d74f642600114f7c8cc1008480e0885edbac473f)
    Mono.Cecil.dll (d74f642600114f7c8cc1008480e0885edbac473f)
    MonoMod.RuntimeDetour.dll (d74f642600114f7c8cc1008480e0885edbac473f)
    MonoMod.Utils.dll (d74f642600114f7c8cc1008480e0885edbac473f)
    pb_Stl.dll (d74f642600114f7c8cc1008480e0885edbac473f)
    Poly2Tri.dll (d74f642600114f7c8cc1008480e0885edbac473f)
    ProBuilderCore.dll (d74f642600114f7c8cc1008480e0885edbac473f)
    ProBuilderMeshOps.dll (d74f642600114f7c8cc1008480e0885edbac473f)
    R2API.dll (d74f642600114f7c8cc1008480e0885edbac473f)
    Rewired_Core.dll (d74f642600114f7c8cc1008480e0885edbac473f)
    Rewired_CSharp.dll (d74f642600114f7c8cc1008480e0885edbac473f)
    Rewired_Windows_Lib.dll (d74f642600114f7c8cc1008480e0885edbac473f)
    Unity.Postprocessing.Runtime.dll (d74f642600114f7c8cc1008480e0885edbac473f)
    Unity.RenderPipelines.Core.Runtime.dll (d74f642600114f7c8cc1008480e0885edbac473f)
    Unity.RenderPipelines.Core.ShaderLibrary.dll (d74f642600114f7c8cc1008480e0885edbac473f)
    Unity.TextMeshPro.dll (d74f642600114f7c8cc1008480e0885edbac473f)
    UnityEngine.AccessibilityModule.dll (d74f642600114f7c8cc1008480e0885edbac473f)
    UnityEngine.AIModule.dll (d74f642600114f7c8cc1008480e0885edbac473f)
    UnityEngine.AnimationModule.dll (d74f642600114f7c8cc1008480e0885edbac473f)
    UnityEngine.ARModule.dll (d74f642600114f7c8cc1008480e0885edbac473f)
    UnityEngine.AssetBundleModule.dll (d74f642600114f7c8cc1008480e0885edbac473f)
    UnityEngine.AudioModule.dll (d74f642600114f7c8cc1008480e0885edbac473f)
    UnityEngine.BaselibModule.dll (d74f642600114f7c8cc1008480e0885edbac473f)
    UnityEngine.ClothModule.dll (d74f642600114f7c8cc1008480e0885edbac473f)
    UnityEngine.ClusterInputModule.dll (d74f642600114f7c8cc1008480e0885edbac473f)
    UnityEngine.ClusterRendererModule.dll (d74f642600114f7c8cc1008480e0885edbac473f)
    UnityEngine.CoreModule.dll (d74f642600114f7c8cc1008480e0885edbac473f)
    UnityEngine.CrashReportingModule.dll (d74f642600114f7c8cc1008480e0885edbac473f)
    UnityEngine.DirectorModule.dll (d74f642600114f7c8cc1008480e0885edbac473f)
    UnityEngine.dll (d74f642600114f7c8cc1008480e0885edbac473f)
    UnityEngine.FileSystemHttpModule.dll (d74f642600114f7c8cc1008480e0885edbac473f)
    UnityEngine.GameCenterModule.dll (d74f642600114f7c8cc1008480e0885edbac473f)
    UnityEngine.GridModule.dll (d74f642600114f7c8cc1008480e0885edbac473f)
    UnityEngine.HotReloadModule.dll (d74f642600114f7c8cc1008480e0885edbac473f)
    UnityEngine.ImageConversionModule.dll (d74f642600114f7c8cc1008480e0885edbac473f)
    UnityEngine.IMGUIModule.dll (d74f642600114f7c8cc1008480e0885edbac473f)
    UnityEngine.InputModule.dll (d74f642600114f7c8cc1008480e0885edbac473f)
    UnityEngine.JSONSerializeModule.dll (d74f642600114f7c8cc1008480e0885edbac473f)
    UnityEngine.LocalizationModule.dll (d74f642600114f7c8cc1008480e0885edbac473f)
    UnityEngine.Networking.dll (d74f642600114f7c8cc1008480e0885edbac473f)
    UnityEngine.ParticleSystemModule.dll (d74f642600114f7c8cc1008480e0885edbac473f)
    UnityEngine.PerformanceReportingModule.dll (d74f642600114f7c8cc1008480e0885edbac473f)
    UnityEngine.Physics2DModule.dll (d74f642600114f7c8cc1008480e0885edbac473f)
    UnityEngine.PhysicsModule.dll (d74f642600114f7c8cc1008480e0885edbac473f)
    UnityEngine.ProfilerModule.dll (d74f642600114f7c8cc1008480e0885edbac473f)
    UnityEngine.ScreenCaptureModule.dll (d74f642600114f7c8cc1008480e0885edbac473f)
    UnityEngine.SharedInternalsModule.dll (d74f642600114f7c8cc1008480e0885edbac473f)
    UnityEngine.SpatialTracking.dll (d74f642600114f7c8cc1008480e0885edbac473f)
    UnityEngine.SpriteMaskModule.dll (d74f642600114f7c8cc1008480e0885edbac473f)
    UnityEngine.SpriteShapeModule.dll (d74f642600114f7c8cc1008480e0885edbac473f)
    UnityEngine.StreamingModule.dll (d74f642600114f7c8cc1008480e0885edbac473f)
    UnityEngine.StyleSheetsModule.dll (d74f642600114f7c8cc1008480e0885edbac473f)
    UnityEngine.SubstanceModule.dll (d74f642600114f7c8cc1008480e0885edbac473f)
    UnityEngine.TerrainModule.dll (d74f642600114f7c8cc1008480e0885edbac473f)
    UnityEngine.TerrainPhysicsModule.dll (d74f642600114f7c8cc1008480e0885edbac473f)
    UnityEngine.TextCoreModule.dll (d74f642600114f7c8cc1008480e0885edbac473f)
    UnityEngine.TextRenderingModule.dll (d74f642600114f7c8cc1008480e0885edbac473f)
    UnityEngine.Timeline.dll (d74f642600114f7c8cc1008480e0885edbac473f)
    UnityEngine.TimelineModule.dll (d74f642600114f7c8cc1008480e0885edbac473f)
    UnityEngine.TLSModule.dll (d74f642600114f7c8cc1008480e0885edbac473f)
    UnityEngine.UI.dll (d74f642600114f7c8cc1008480e0885edbac473f)
    UnityEngine.UIElementsModule.dll (d74f642600114f7c8cc1008480e0885edbac473f)
    UnityEngine.UIModule.dll (d74f642600114f7c8cc1008480e0885edbac473f)
    UnityEngine.UmbraModule.dll (d74f642600114f7c8cc1008480e0885edbac473f)
    UnityEngine.UNETModule.dll (d74f642600114f7c8cc1008480e0885edbac473f)
    UnityEngine.UnityAnalyticsModule.dll (d74f642600114f7c8cc1008480e0885edbac473f)
    UnityEngine.UnityConnectModule.dll (d74f642600114f7c8cc1008480e0885edbac473f)
    UnityEngine.UnityTestProtocolModule.dll (d74f642600114f7c8cc1008480e0885edbac473f)
    UnityEngine.UnityWebRequestAssetBundleModule.dll (d74f642600114f7c8cc1008480e0885edbac473f)
    UnityEngine.UnityWebRequestAudioModule.dll (d74f642600114f7c8cc1008480e0885edbac473f)
    UnityEngine.UnityWebRequestModule.dll (d74f642600114f7c8cc1008480e0885edbac473f)
    UnityEngine.UnityWebRequestTextureModule.dll (d74f642600114f7c8cc1008480e0885edbac473f)
    UnityEngine.UnityWebRequestWWWModule.dll (d74f642600114f7c8cc1008480e0885edbac473f)
    UnityEngine.VehiclesModule.dll (d74f642600114f7c8cc1008480e0885edbac473f)
    UnityEngine.VFXModule.dll (d74f642600114f7c8cc1008480e0885edbac473f)
    UnityEngine.VideoModule.dll (d74f642600114f7c8cc1008480e0885edbac473f)
    UnityEngine.VRModule.dll (d74f642600114f7c8cc1008480e0885edbac473f)
    UnityEngine.WindModule.dll (d74f642600114f7c8cc1008480e0885edbac473f)
    UnityEngine.XRModule.dll (d74f642600114f7c8cc1008480e0885edbac473f)
    Wwise.dll (d74f642600114f7c8cc1008480e0885edbac473f)
    Zio.dll (d74f642600114f7c8cc1008480e0885edbac473f)