
GITHUB
  remote: mistername/RoR2Libs
    0Harmony.dll (1039b76ebe757a13a1d2f785f35146a09336ee97)
    Assembly-CSharp.dll (1039b76ebe757a13a1d2f785f35146a09336ee97)
    BepInEx.dll (1039b76ebe757a13a1d2f785f35146a09336ee97)
    BepInEx.Harmony.dll (1039b76ebe757a13a1d2f785f35146a09336ee97)
    BepInEx.Preloader.dll (1039b76ebe757a13a1d2f785f35146a09336ee97)
    Facepunch.Steamworks.dll (1039b76ebe757a13a1d2f785f35146a09336ee97)
    KdTreeLib.dll (1039b76ebe757a13a1d2f785f35146a09336ee97)
    MMHOOK_Assembly-CSharp.dll (1039b76ebe757a13a1d2f785f35146a09336ee97)
    Mono.Cecil.dll (1039b76ebe757a13a1d2f785f35146a09336ee97)
    MonoMod.RuntimeDetour.dll (1039b76ebe757a13a1d2f785f35146a09336ee97)
    MonoMod.Utils.dll (1039b76ebe757a13a1d2f785f35146a09336ee97)
    pb_Stl.dll (1039b76ebe757a13a1d2f785f35146a09336ee97)
    Poly2Tri.dll (1039b76ebe757a13a1d2f785f35146a09336ee97)
    ProBuilderCore.dll (1039b76ebe757a13a1d2f785f35146a09336ee97)
    ProBuilderMeshOps.dll (1039b76ebe757a13a1d2f785f35146a09336ee97)
    R2API.dll (1039b76ebe757a13a1d2f785f35146a09336ee97)
    Rewired_Core.dll (1039b76ebe757a13a1d2f785f35146a09336ee97)
    Rewired_CSharp.dll (1039b76ebe757a13a1d2f785f35146a09336ee97)
    Rewired_Windows_Lib.dll (1039b76ebe757a13a1d2f785f35146a09336ee97)
    Unity.Postprocessing.Runtime.dll (1039b76ebe757a13a1d2f785f35146a09336ee97)
    Unity.RenderPipelines.Core.Runtime.dll (1039b76ebe757a13a1d2f785f35146a09336ee97)
    Unity.RenderPipelines.Core.ShaderLibrary.dll (1039b76ebe757a13a1d2f785f35146a09336ee97)
    Unity.TextMeshPro.dll (1039b76ebe757a13a1d2f785f35146a09336ee97)
    UnityEngine.AccessibilityModule.dll (1039b76ebe757a13a1d2f785f35146a09336ee97)
    UnityEngine.AIModule.dll (1039b76ebe757a13a1d2f785f35146a09336ee97)
    UnityEngine.AnimationModule.dll (1039b76ebe757a13a1d2f785f35146a09336ee97)
    UnityEngine.ARModule.dll (1039b76ebe757a13a1d2f785f35146a09336ee97)
    UnityEngine.AssetBundleModule.dll (1039b76ebe757a13a1d2f785f35146a09336ee97)
    UnityEngine.AudioModule.dll (1039b76ebe757a13a1d2f785f35146a09336ee97)
    UnityEngine.BaselibModule.dll (1039b76ebe757a13a1d2f785f35146a09336ee97)
    UnityEngine.ClothModule.dll (1039b76ebe757a13a1d2f785f35146a09336ee97)
    UnityEngine.ClusterInputModule.dll (1039b76ebe757a13a1d2f785f35146a09336ee97)
    UnityEngine.ClusterRendererModule.dll (1039b76ebe757a13a1d2f785f35146a09336ee97)
    UnityEngine.CoreModule.dll (1039b76ebe757a13a1d2f785f35146a09336ee97)
    UnityEngine.CrashReportingModule.dll (1039b76ebe757a13a1d2f785f35146a09336ee97)
    UnityEngine.DirectorModule.dll (1039b76ebe757a13a1d2f785f35146a09336ee97)
    UnityEngine.dll (1039b76ebe757a13a1d2f785f35146a09336ee97)
    UnityEngine.FileSystemHttpModule.dll (1039b76ebe757a13a1d2f785f35146a09336ee97)
    UnityEngine.GameCenterModule.dll (1039b76ebe757a13a1d2f785f35146a09336ee97)
    UnityEngine.GridModule.dll (1039b76ebe757a13a1d2f785f35146a09336ee97)
    UnityEngine.HotReloadModule.dll (1039b76ebe757a13a1d2f785f35146a09336ee97)
    UnityEngine.ImageConversionModule.dll (1039b76ebe757a13a1d2f785f35146a09336ee97)
    UnityEngine.IMGUIModule.dll (1039b76ebe757a13a1d2f785f35146a09336ee97)
    UnityEngine.InputModule.dll (1039b76ebe757a13a1d2f785f35146a09336ee97)
    UnityEngine.JSONSerializeModule.dll (1039b76ebe757a13a1d2f785f35146a09336ee97)
    UnityEngine.LocalizationModule.dll (1039b76ebe757a13a1d2f785f35146a09336ee97)
    UnityEngine.Networking.dll (1039b76ebe757a13a1d2f785f35146a09336ee97)
    UnityEngine.ParticleSystemModule.dll (1039b76ebe757a13a1d2f785f35146a09336ee97)
    UnityEngine.PerformanceReportingModule.dll (1039b76ebe757a13a1d2f785f35146a09336ee97)
    UnityEngine.Physics2DModule.dll (1039b76ebe757a13a1d2f785f35146a09336ee97)
    UnityEngine.PhysicsModule.dll (1039b76ebe757a13a1d2f785f35146a09336ee97)
    UnityEngine.ProfilerModule.dll (1039b76ebe757a13a1d2f785f35146a09336ee97)
    UnityEngine.ScreenCaptureModule.dll (1039b76ebe757a13a1d2f785f35146a09336ee97)
    UnityEngine.SharedInternalsModule.dll (1039b76ebe757a13a1d2f785f35146a09336ee97)
    UnityEngine.SpatialTracking.dll (1039b76ebe757a13a1d2f785f35146a09336ee97)
    UnityEngine.SpriteMaskModule.dll (1039b76ebe757a13a1d2f785f35146a09336ee97)
    UnityEngine.SpriteShapeModule.dll (1039b76ebe757a13a1d2f785f35146a09336ee97)
    UnityEngine.StreamingModule.dll (1039b76ebe757a13a1d2f785f35146a09336ee97)
    UnityEngine.StyleSheetsModule.dll (1039b76ebe757a13a1d2f785f35146a09336ee97)
    UnityEngine.SubstanceModule.dll (1039b76ebe757a13a1d2f785f35146a09336ee97)
    UnityEngine.TerrainModule.dll (1039b76ebe757a13a1d2f785f35146a09336ee97)
    UnityEngine.TerrainPhysicsModule.dll (1039b76ebe757a13a1d2f785f35146a09336ee97)
    UnityEngine.TextCoreModule.dll (1039b76ebe757a13a1d2f785f35146a09336ee97)
    UnityEngine.TextRenderingModule.dll (1039b76ebe757a13a1d2f785f35146a09336ee97)
    UnityEngine.Timeline.dll (1039b76ebe757a13a1d2f785f35146a09336ee97)
    UnityEngine.TimelineModule.dll (1039b76ebe757a13a1d2f785f35146a09336ee97)
    UnityEngine.TLSModule.dll (1039b76ebe757a13a1d2f785f35146a09336ee97)
    UnityEngine.UI.dll (1039b76ebe757a13a1d2f785f35146a09336ee97)
    UnityEngine.UIElementsModule.dll (1039b76ebe757a13a1d2f785f35146a09336ee97)
    UnityEngine.UIModule.dll (1039b76ebe757a13a1d2f785f35146a09336ee97)
    UnityEngine.UmbraModule.dll (1039b76ebe757a13a1d2f785f35146a09336ee97)
    UnityEngine.UNETModule.dll (1039b76ebe757a13a1d2f785f35146a09336ee97)
    UnityEngine.UnityAnalyticsModule.dll (1039b76ebe757a13a1d2f785f35146a09336ee97)
    UnityEngine.UnityConnectModule.dll (1039b76ebe757a13a1d2f785f35146a09336ee97)
    UnityEngine.UnityTestProtocolModule.dll (1039b76ebe757a13a1d2f785f35146a09336ee97)
    UnityEngine.UnityWebRequestAssetBundleModule.dll (1039b76ebe757a13a1d2f785f35146a09336ee97)
    UnityEngine.UnityWebRequestAudioModule.dll (1039b76ebe757a13a1d2f785f35146a09336ee97)
    UnityEngine.UnityWebRequestModule.dll (1039b76ebe757a13a1d2f785f35146a09336ee97)
    UnityEngine.UnityWebRequestTextureModule.dll (1039b76ebe757a13a1d2f785f35146a09336ee97)
    UnityEngine.UnityWebRequestWWWModule.dll (1039b76ebe757a13a1d2f785f35146a09336ee97)
    UnityEngine.VehiclesModule.dll (1039b76ebe757a13a1d2f785f35146a09336ee97)
    UnityEngine.VFXModule.dll (1039b76ebe757a13a1d2f785f35146a09336ee97)
    UnityEngine.VideoModule.dll (1039b76ebe757a13a1d2f785f35146a09336ee97)
    UnityEngine.VRModule.dll (1039b76ebe757a13a1d2f785f35146a09336ee97)
    UnityEngine.WindModule.dll (1039b76ebe757a13a1d2f785f35146a09336ee97)
    UnityEngine.XRModule.dll (1039b76ebe757a13a1d2f785f35146a09336ee97)
    Wwise.dll (1039b76ebe757a13a1d2f785f35146a09336ee97)
    Zio.dll (1039b76ebe757a13a1d2f785f35146a09336ee97)